
Microsoft Visual Studio Solution File, Format Version 12.00
# Visual Studio Version 17
VisualStudioVersion = 17.1.32228.430
MinimumVisualStudioVersion = 10.0.40219.1
Project("{FAE04EC0-301F-11D3-BF4B-00C04F79EFBC}") = "Calculator", "Calculator.csproj", "{219D56D1-8BE4-4398-827D-313C8928CC06}"
EndProject
Global
	GlobalSection(SolutionConfigurationPlatforms) = preSolution
		Debug|Any CPU = Debug|Any CPU
		Release|Any CPU = Release|Any CPU
	EndGlobalSection
	GlobalSection(ProjectConfigurationPlatforms) = postSolution
		{219D56D1-8BE4-4398-827D-313C8928CC06}.Debug|Any CPU.ActiveCfg = Debug|Any CPU
		{219D56D1-8BE4-4398-827D-313C8928CC06}.Debug|Any CPU.Build.0 = Debug|Any CPU
		{219D56D1-8BE4-4398-827D-313C8928CC06}.Release|Any CPU.ActiveCfg = Release|Any CPU
		{219D56D1-8BE4-4398-827D-313C8928CC06}.Release|Any CPU.Build.0 = Release|Any CPU
	EndGlobalSection
	GlobalSection(SolutionProperties) = preSolution
		HideSolutionNode = FALSE
	EndGlobalSection
	GlobalSection(ExtensibilityGlobals) = postSolution
		SolutionGuid = {14F5FDC1-B76A-459C-B632-5F319BE9F022}
	EndGlobalSection
EndGlobal
